// !$*UTF8*$!
{
	archiveVersion = 1;
	classes = {
	};
	objectVersion = 48;
	objects = {

/* Begin PBXBuildFile section */
		DEF92CEB216DF1B900F97D43 /* AppDelegate.swift in Sources */ = {isa = PBXBuildFile; fileRef = DEF92CEA216DF1B900F97D43 /* AppDelegate.swift */; };
		DEF92CED216DF1B900F97D43 /* ViewController.swift in Sources */ = {isa = PBXBuildFile; fileRef = DEF92CEC216DF1B900F97D43 /* ViewController.swift */; };
		DEF92CF0216DF1B900F97D43 /* Main.storyboard in Resources */ = {isa = PBXBuildFile; fileRef = DEF92CEE216DF1B900F97D43 /* Main.storyboard */; };
		DEF92CF2216DF1B900F97D43 /* Assets.xcassets in Resources */ = {isa = PBXBuildFile; fileRef = DEF92CF1216DF1B900F97D43 /* Assets.xcassets */; };
		DEF92CF5216DF1B900F97D43 /* LaunchScreen.storyboard in Resources */ = {isa = PBXBuildFile; fileRef = DEF92CF3216DF1B900F97D43 /* LaunchScreen.storyboard */; };
		DEF92D00216DF1B900F97D43 /* CI__CD__microsoft_ProjTests.swift in Sources */ = {isa = PBXBuildFile; fileRef = DEF92CFF216DF1B900F97D43 /* CI__CD__microsoft_ProjTests.swift */; };
/* End PBXBuildFile section */

/* Begin PBXContainerItemProxy section */
		DEF92CFC216DF1B900F97D43 /* PBXContainerItemProxy */ = {
			isa = PBXContainerItemProxy;
			containerPortal = DEF92CDF216DF1B900F97D43 /* Project object */;
			proxyType = 1;
			remoteGlobalIDString = DEF92CE6216DF1B900F97D43;
			remoteInfo = CI__CD__microsoft_Proj;
		};
/* End PBXContainerItemProxy section */

/* Begin PBXFileReference section */
		DEF92CE7216DF1B900F97D43 /* CI__CD__microsoft_Proj.app */ = {isa = PBXFileReference; explicitFileType = wrapper.application; includeInIndex = 0; path = CI__CD__microsoft_Proj.app; sourceTree = BUILT_PRODUCTS_DIR; };
		DEF92CEA216DF1B900F97D43 /* AppDelegate.swift */ = {isa = PBXFileReference; lastKnownFileType = sourcecode.swift; path = AppDelegate.swift; sourceTree = "<group>"; };
		DEF92CEC216DF1B900F97D43 /* ViewController.swift */ = {isa = PBXFileReference; lastKnownFileType = sourcecode.swift; path = ViewController.swift; sourceTree = "<group>"; };
		DEF92CEF216DF1B900F97D43 /* Base */ = {isa = PBXFileReference; lastKnownFileType = file.storyboard; name = Base; path = Base.lproj/Main.storyboard; sourceTree = "<group>"; };
		DEF92CF1216DF1B900F97D43 /* Assets.xcassets */ = {isa = PBXFileReference; lastKnownFileType = folder.assetcatalog; path = Assets.xcassets; sourceTree = "<group>"; };
		DEF92CF4216DF1B900F97D43 /* Base */ = {isa = PBXFileReference; lastKnownFileType = file.storyboard; name = Base; path = Base.lproj/LaunchScreen.storyboard; sourceTree = "<group>"; };
		DEF92CF6216DF1B900F97D43 /* Info.plist */ = {isa = PBXFileReference; lastKnownFileType = text.plist.xml; path = Info.plist; sourceTree = "<group>"; };
		DEF92CFB216DF1B900F97D43 /* CI__CD__microsoft_ProjTests.xctest */ = {isa = PBXFileReference; explicitFileType = wrapper.cfbundle; includeInIndex = 0; path = CI__CD__microsoft_ProjTests.xctest; sourceTree = BUILT_PRODUCTS_DIR; };
		DEF92CFF216DF1B900F97D43 /* CI__CD__microsoft_ProjTests.swift */ = {isa = PBXFileReference; lastKnownFileType = sourcecode.swift; path = CI__CD__microsoft_ProjTests.swift; sourceTree = "<group>"; };
		DEF92D01216DF1B900F97D43 /* Info.plist */ = {isa = PBXFileReference; lastKnownFileType = text.plist.xml; path = Info.plist; sourceTree = "<group>"; };
/* End PBXFileReference section */

/* Begin PBXFrameworksBuildPhase section */
		DEF92CE4216DF1B900F97D43 /* Frameworks */ = {
			isa = PBXFrameworksBuildPhase;
			buildActionMask = 2147483647;
			files = (
			);
			runOnlyForDeploymentPostprocessing = 0;
		};
		DEF92CF8216DF1B900F97D43 /* Frameworks */ = {
			isa = PBXFrameworksBuildPhase;
			buildActionMask = 2147483647;
			files = (
			);
			runOnlyForDeploymentPostprocessing = 0;
		};
/* End PBXFrameworksBuildPhase section */

/* Begin PBXGroup section */
		DEF92CDE216DF1B900F97D43 = {
			isa = PBXGroup;
			children = (
				DEF92CE9216DF1B900F97D43 /* CI__CD__microsoft_Proj */,
				DEF92CFE216DF1B900F97D43 /* CI__CD__microsoft_ProjTests */,
				DEF92CE8216DF1B900F97D43 /* Products */,
			);
			sourceTree = "<group>";
		};
		DEF92CE8216DF1B900F97D43 /* Products */ = {
			isa = PBXGroup;
			children = (
				DEF92CE7216DF1B900F97D43 /* CI__CD__microsoft_Proj.app */,
				DEF92CFB216DF1B900F97D43 /* CI__CD__microsoft_ProjTests.xctest */,
			);
			name = Products;
			sourceTree = "<group>";
		};
		DEF92CE9216DF1B900F97D43 /* CI__CD__microsoft_Proj */ = {
			isa = PBXGroup;
			children = (
				DEF92CEA216DF1B900F97D43 /* AppDelegate.swift */,
				DEF92CEC216DF1B900F97D43 /* ViewController.swift */,
				DEF92CEE216DF1B900F97D43 /* Main.storyboard */,
				DEF92CF1216DF1B900F97D43 /* Assets.xcassets */,
				DEF92CF3216DF1B900F97D43 /* LaunchScreen.storyboard */,
				DEF92CF6216DF1B900F97D43 /* Info.plist */,
			);
			path = CI__CD__microsoft_Proj;
			sourceTree = "<group>";
		};
		DEF92CFE216DF1B900F97D43 /* CI__CD__microsoft_ProjTests */ = {
			isa = PBXGroup;
			children = (
				DEF92CFF216DF1B900F97D43 /* CI__CD__microsoft_ProjTests.swift */,
				DEF92D01216DF1B900F97D43 /* Info.plist */,
			);
			path = CI__CD__microsoft_ProjTests;
			sourceTree = "<group>";
		};
/* End PBXGroup section */

/* Begin PBXNativeTarget section */
		DEF92CE6216DF1B900F97D43 /* CI__CD__microsoft_Proj */ = {
			isa = PBXNativeTarget;
			buildConfigurationList = DEF92D04216DF1B900F97D43 /* Build configuration list for PBXNativeTarget "CI__CD__microsoft_Proj" */;
			buildPhases = (
				DEF92CE3216DF1B900F97D43 /* Sources */,
				DEF92CE4216DF1B900F97D43 /* Frameworks */,
				DEF92CE5216DF1B900F97D43 /* Resources */,
			);
			buildRules = (
			);
			dependencies = (
			);
			name = CI__CD__microsoft_Proj;
			productName = CI__CD__microsoft_Proj;
			productReference = DEF92CE7216DF1B900F97D43 /* CI__CD__microsoft_Proj.app */;
			productType = "com.apple.product-type.application";
		};
		DEF92CFA216DF1B900F97D43 /* CI__CD__microsoft_ProjTests */ = {
			isa = PBXNativeTarget;
			buildConfigurationList = DEF92D07216DF1B900F97D43 /* Build configuration list for PBXNativeTarget "CI__CD__microsoft_ProjTests" */;
			buildPhases = (
				DEF92CF7216DF1B900F97D43 /* Sources */,
				DEF92CF8216DF1B900F97D43 /* Frameworks */,
				DEF92CF9216DF1B900F97D43 /* Resources */,
			);
			buildRules = (
			);
			dependencies = (
				DEF92CFD216DF1B900F97D43 /* PBXTargetDependency */,
			);
			name = CI__CD__microsoft_ProjTests;
			productName = CI__CD__microsoft_ProjTests;
			productReference = DEF92CFB216DF1B900F97D43 /* CI__CD__microsoft_ProjTests.xctest */;
			productType = "com.apple.product-type.bundle.unit-test";
		};
/* End PBXNativeTarget section */

/* Begin PBXProject section */
		DEF92CDF216DF1B900F97D43 /* Project object */ = {
			isa = PBXProject;
			attributes = {
				LastSwiftUpdateCheck = 0920;
				LastUpgradeCheck = 0920;
				ORGANIZATIONNAME = "Rakesh MEMBARAM";
				TargetAttributes = {
					DEF92CE6216DF1B900F97D43 = {
						CreatedOnToolsVersion = 9.2;
						ProvisioningStyle = Automatic;
					};
					DEF92CFA216DF1B900F97D43 = {
						CreatedOnToolsVersion = 9.2;
						ProvisioningStyle = Automatic;
						TestTargetID = DEF92CE6216DF1B900F97D43;
					};
				};
			};
			buildConfigurationList = DEF92CE2216DF1B900F97D43 /* Build configuration list for PBXProject "CI__CD__microsoft_Proj" */;
			compatibilityVersion = "Xcode 8.0";
			developmentRegion = en;
			hasScannedForEncodings = 0;
			knownRegions = (
				en,
				Base,
			);
			mainGroup = DEF92CDE216DF1B900F97D43;
			productRefGroup = DEF92CE8216DF1B900F97D43 /* Products */;
			projectDirPath = "";
			projectRoot = "";
			targets = (
				DEF92CE6216DF1B900F97D43 /* CI__CD__microsoft_Proj */,
				DEF92CFA216DF1B900F97D43 /* CI__CD__microsoft_ProjTests */,
			);
		};
/* End PBXProject section */

/* Begin PBXResourcesBuildPhase section */
		DEF92CE5216DF1B900F97D43 /* Resources */ = {
			isa = PBXResourcesBuildPhase;
			buildActionMask = 2147483647;
			files = (
				DEF92CF5216DF1B900F97D43 /* LaunchScreen.storyboard in Resources */,
				DEF92CF2216DF1B900F97D43 /* Assets.xcassets in Resources */,
				DEF92CF0216DF1B900F97D43 /* Main.storyboard in Resources */,
			);
			runOnlyForDeploymentPostprocessing = 0;
		};
		DEF92CF9216DF1B900F97D43 /* Resources */ = {
			isa = PBXResourcesBuildPhase;
			buildActionMask = 2147483647;
			files = (
			);
			runOnlyForDeploymentPostprocessing = 0;
		};
/* End PBXResourcesBuildPhase section */

/* Begin PBXSourcesBuildPhase section */
		DEF92CE3216DF1B900F97D43 /* Sources */ = {
			isa = PBXSourcesBuildPhase;
			buildActionMask = 2147483647;
			files = (
				DEF92CED216DF1B900F97D43 /* ViewController.swift in Sources */,
				DEF92CEB216DF1B900F97D43 /* AppDelegate.swift in Sources */,
			);
			runOnlyForDeploymentPostprocessing = 0;
		};
		DEF92CF7216DF1B900F97D43 /* Sources */ = {
			isa = PBXSourcesBuildPhase;
			buildActionMask = 2147483647;
			files = (
				DEF92D00216DF1B900F97D43 /* CI__CD__microsoft_ProjTests.swift in Sources */,
			);
			runOnlyForDeploymentPostprocessing = 0;
		};
/* End PBXSourcesBuildPhase section */

/* Begin PBXTargetDependency section */
		DEF92CFD216DF1B900F97D43 /* PBXTargetDependency */ = {
			isa = PBXTargetDependency;
			target = DEF92CE6216DF1B900F97D43 /* CI__CD__microsoft_Proj */;
			targetProxy = DEF92CFC216DF1B900F97D43 /* PBXContainerItemProxy */;
		};
/* End PBXTargetDependency section */

/* Begin PBXVariantGroup section */
		DEF92CEE216DF1B900F97D43 /* Main.storyboard */ = {
			isa = PBXVariantGroup;
			children = (
				DEF92CEF216DF1B900F97D43 /* Base */,
			);
			name = Main.storyboard;
			sourceTree = "<group>";
		};
		DEF92CF3216DF1B900F97D43 /* LaunchScreen.storyboard */ = {
			isa = PBXVariantGroup;
			children = (
				DEF92CF4216DF1B900F97D43 /* Base */,
			);
			name = LaunchScreen.storyboard;
			sourceTree = "<group>";
		};
/* End PBXVariantGroup section */

/* Begin XCBuildConfiguration section */
		DEF92D02216DF1B900F97D43 /* Debug */ = {
			isa = XCBuildConfiguration;
			buildSettings = {
				ALWAYS_SEARCH_USER_PATHS = NO;
				CLANG_ANALYZER_NONNULL = YES;
				CLANG_ANALYZER_NUMBER_OBJECT_CONVERSION = YES_AGGRESSIVE;
				CLANG_CXX_LANGUAGE_STANDARD = "gnu++14";
				CLANG_CXX_LIBRARY = "libc++";
				CLANG_ENABLE_MODULES = YES;
				CLANG_ENABLE_OBJC_ARC = YES;
				CLANG_WARN_BLOCK_CAPTURE_AUTORELEASING = YES;
				CLANG_WARN_BOOL_CONVERSION = YES;
				CLANG_WARN_COMMA = YES;
				CLANG_WARN_CONSTANT_CONVERSION = YES;
				CLANG_WARN_DIRECT_OBJC_ISA_USAGE = YES_ERROR;
				CLANG_WARN_DOCUMENTATION_COMMENTS = YES;
				CLANG_WARN_EMPTY_BODY = YES;
				CLANG_WARN_ENUM_CONVERSION = YES;
				CLANG_WARN_INFINITE_RECURSION = YES;
				CLANG_WARN_INT_CONVERSION = YES;
				CLANG_WARN_NON_LITERAL_NULL_CONVERSION = YES;
				CLANG_WARN_OBJC_LITERAL_CONVERSION = YES;
				CLANG_WARN_OBJC_ROOT_CLASS = YES_ERROR;
				CLANG_WARN_RANGE_LOOP_ANALYSIS = YES;
				CLANG_WARN_STRICT_PROTOTYPES = YES;
				CLANG_WARN_SUSPICIOUS_MOVE = YES;
				CLANG_WARN_UNGUARDED_AVAILABILITY = YES_AGGRESSIVE;
				CLANG_WARN_UNREACHABLE_CODE = YES;
				CLANG_WARN__DUPLICATE_METHOD_MATCH = YES;
				CODE_SIGN_IDENTITY = "iPhone Developer";
				COPY_PHASE_STRIP = NO;
				DEBUG_INFORMATION_FORMAT = dwarf;
				ENABLE_STRICT_OBJC_MSGSEND = YES;
				ENABLE_TESTABILITY = YES;
				GCC_C_LANGUAGE_STANDARD = gnu11;
				GCC_DYNAMIC_NO_PIC = NO;
				GCC_NO_COMMON_BLOCKS = YES;
				GCC_OPTIMIZATION_LEVEL = 0;
				GCC_PREPROCESSOR_DEFINITIONS = (
					"DEBUG=1",
					"$(inherited)",
				);
				GCC_WARN_64_TO_32_BIT_CONVERSION = YES;
				GCC_WARN_ABOUT_RETURN_TYPE = YES_ERROR;
				GCC_WARN_UNDECLARED_SELECTOR = YES;
				GCC_WARN_UNINITIALIZED_AUTOS = YES_AGGRESSIVE;
				GCC_WARN_UNUSED_FUNCTION = YES;
				GCC_WARN_UNUSED_VARIABLE = YES;
				IPHONEOS_DEPLOYMENT_TARGET = 11.2;
				MTL_ENABLE_DEBUG_INFO = YES;
				ONLY_ACTIVE_ARCH = YES;
				SDKROOT = iphoneos;
				SWIFT_ACTIVE_COMPILATION_CONDITIONS = DEBUG;
				SWIFT_OPTIMIZATION_LEVEL = "-Onone";
			};
			name = Debug;
		};
		DEF92D03216DF1B900F97D43 /* Release */ = {
			isa = XCBuildConfiguration;
			buildSettings = {
				ALWAYS_SEARCH_USER_PATHS = NO;
				CLANG_ANALYZER_NONNULL = YES;
				CLANG_ANALYZER_NUMBER_OBJECT_CONVERSION = YES_AGGRESSIVE;
				CLANG_CXX_LANGUAGE_STANDARD = "gnu++14";
				CLANG_CXX_LIBRARY = "libc++";
				CLANG_ENABLE_MODULES = YES;
				CLANG_ENABLE_OBJC_ARC = YES;
				CLANG_WARN_BLOCK_CAPTURE_AUTORELEASING = YES;
				CLANG_WARN_BOOL_CONVERSION = YES;
				CLANG_WARN_COMMA = YES;
				CLANG_WARN_CONSTANT_CONVERSION = YES;
				CLANG_WARN_DIRECT_OBJC_ISA_USAGE = YES_ERROR;
				CLANG_WARN_DOCUMENTATION_COMMENTS = YES;
				CLANG_WARN_EMPTY_BODY = YES;
				CLANG_WARN_ENUM_CONVERSION = YES;
				CLANG_WARN_INFINITE_RECURSION = YES;
				CLANG_WARN_INT_CONVERSION = YES;
				CLANG_WARN_NON_LITERAL_NULL_CONVERSION = YES;
				CLANG_WARN_OBJC_LITERAL_CONVERSION = YES;
				CLANG_WARN_OBJC_ROOT_CLASS = YES_ERROR;
				CLANG_WARN_RANGE_LOOP_ANALYSIS = YES;
				CLANG_WARN_STRICT_PROTOTYPES = YES;
				CLANG_WARN_SUSPICIOUS_MOVE = YES;
				CLANG_WARN_UNGUARDED_AVAILABILITY = YES_AGGRESSIVE;
				CLANG_WARN_UNREACHABLE_CODE = YES;
				CLANG_WARN__DUPLICATE_METHOD_MATCH = YES;
				CODE_SIGN_IDENTITY = "iPhone Developer";
				COPY_PHASE_STRIP = NO;
				DEBUG_INFORMATION_FORMAT = "dwarf-with-dsym";
				ENABLE_NS_ASSERTIONS = NO;
				ENABLE_STRICT_OBJC_MSGSEND = YES;
				GCC_C_LANGUAGE_STANDARD = gnu11;
				GCC_NO_COMMON_BLOCKS = YES;
				GCC_WARN_64_TO_32_BIT_CONVERSION = YES;
				GCC_WARN_ABOUT_RETURN_TYPE = YES_ERROR;
				GCC_WARN_UNDECLARED_SELECTOR = YES;
				GCC_WARN_UNINITIALIZED_AUTOS = YES_AGGRESSIVE;
				GCC_WARN_UNUSED_FUNCTION = YES;
				GCC_WARN_UNUSED_VARIABLE = YES;
				IPHONEOS_DEPLOYMENT_TARGET = 11.2;
				MTL_ENABLE_DEBUG_INFO = NO;
				SDKROOT = iphoneos;
				SWIFT_OPTIMIZATION_LEVEL = "-Owholemodule";
				VALIDATE_PRODUCT = YES;
			};
			name = Release;
		};
		DEF92D05216DF1B900F97D43 /* Debug */ = {
			isa = XCBuildConfiguration;
			buildSettings = {
				ASSETCATALOG_COMPILER_APPICON_NAME = AppIcon;
				CODE_SIGN_STYLE = Automatic;
				DEVELOPMENT_TEAM = M629BGFEH2;
				INFOPLIST_FILE = CI__CD__microsoft_Proj/Info.plist;
				LD_RUNPATH_SEARCH_PATHS = "$(inherited) @executable_path/Frameworks";
				PRODUCT_BUNDLE_IDENTIFIER = "com.gkm.CI--CD--microsoft-Proj";
				PRODUCT_NAME = "$(TARGET_NAME)";
				SWIFT_VERSION = 4.0;
				TARGETED_DEVICE_FAMILY = "1,2";
			};
			name = Debug;
		};
		DEF92D06216DF1B900F97D43 /* Release */ = {
			isa = XCBuildConfiguration;
			buildSettings = {
				ASSETCATALOG_COMPILER_APPICON_NAME = AppIcon;
				CODE_SIGN_STYLE = Automatic;
				DEVELOPMENT_TEAM = M629BGFEH2;
				INFOPLIST_FILE = CI__CD__microsoft_Proj/Info.plist;
				LD_RUNPATH_SEARCH_PATHS = "$(inherited) @executable_path/Frameworks";
				PRODUCT_BUNDLE_IDENTIFIER = "com.gkm.CI--CD--microsoft-Proj";
				PRODUCT_NAME = "$(TARGET_NAME)";
				SWIFT_VERSION = 4.0;
				TARGETED_DEVICE_FAMILY = "1,2";
			};
			name = Release;
		};
		DEF92D08216DF1B900F97D43 /* Debug */ = {
			isa = XCBuildConfiguration;
			buildSettings = {
				ALWAYS_EMBED_SWIFT_STANDARD_LIBRARIES = YES;
				BUNDLE_LOADER = "$(TEST_HOST)";
				CODE_SIGN_STYLE = Automatic;
				DEVELOPMENT_TEAM = M629BGFEH2;
				INFOPLIST_FILE = CI__CD__microsoft_ProjTests/Info.plist;
				LD_RUNPATH_SEARCH_PATHS = "$(inherited) @executable_path/Frameworks @loader_path/Frameworks";
				PRODUCT_BUNDLE_IDENTIFIER = "com.gkm.CI--CD--microsoft-ProjTests";
				PRODUCT_NAME = "$(TARGET_NAME)";
				SWIFT_VERSION = 4.0;
				TARGETED_DEVICE_FAMILY = "1,2";
				TEST_HOST = "$(BUILT_PRODUCTS_DIR)/CI__CD__microsoft_Proj.app/CI__CD__microsoft_Proj";
			};
			name = Debug;
		};
		DEF92D09216DF1B900F97D43 /* Release */ = {
			isa = XCBuildConfiguration;
			buildSettings = {
				ALWAYS_EMBED_SWIFT_STANDARD_LIBRARIES = YES;
				BUNDLE_LOADER = "$(TEST_HOST)";
				CODE_SIGN_STYLE = Automatic;
				DEVELOPMENT_TEAM = M629BGFEH2;
				INFOPLIST_FILE = CI__CD__microsoft_ProjTests/Info.plist;
				LD_RUNPATH_SEARCH_PATHS = "$(inherited) @executable_path/Frameworks @loader_path/Frameworks";
				PRODUCT_BUNDLE_IDENTIFIER = "com.gkm.CI--CD--microsoft-ProjTests";
				PRODUCT_NAME = "$(TARGET_NAME)";
				SWIFT_VERSION = 4.0;
				TARGETED_DEVICE_FAMILY = "1,2";
				TEST_HOST = "$(BUILT_PRODUCTS_DIR)/CI__CD__microsoft_Proj.app/CI__CD__microsoft_Proj";
			};
			name = Release;
		};
/* End XCBuildConfiguration section */

/* Begin XCConfigurationList section */
		DEF92CE2216DF1B900F97D43 /* Build configuration list for PBXProject "CI__CD__microsoft_Proj" */ = {
			isa = XCConfigurationList;
			buildConfigurations = (
				DEF92D02216DF1B900F97D43 /* Debug */,
				DEF92D03216DF1B900F97D43 /* Release */,
			);
			defaultConfigurationIsVisible = 0;
			defaultConfigurationName = Release;
		};
		DEF92D04216DF1B900F97D43 /* Build configuration list for PBXNativeTarget "CI__CD__microsoft_Proj" */ = {
			isa = XCConfigurationList;
			buildConfigurations = (
				DEF92D05216DF1B900F97D43 /* Debug */,
				DEF92D06216DF1B900F97D43 /* Release */,
			);
			defaultConfigurationIsVisible = 0;
			defaultConfigurationName = Release;
		};
		DEF92D07216DF1B900F97D43 /* Build configuration list for PBXNativeTarget "CI__CD__microsoft_ProjTests" */ = {
			isa = XCConfigurationList;
			buildConfigurations = (
				DEF92D08216DF1B900F97D43 /* Debug */,
				DEF92D09216DF1B900F97D43 /* Release */,
			);
			defaultConfigurationIsVisible = 0;
			defaultConfigurationName = Release;
		};
/* End XCConfigurationList section */
	};
	rootObject = DEF92CDF216DF1B900F97D43 /* Project object */;
}
